// !$*UTF8*$!
{
	archiveVersion = 1;
	classes = {
	};
	objectVersion = 50;
	objects = {

/* Begin PBXBuildFile section */
		6BDF46E52176FA7A00CCE584 /* AppDelegate.swift in Sources */ = {isa = PBXBuildFile; fileRef = 6BDF46E42176FA7A00CCE584 /* AppDelegate.swift */; };
		6BDF46E72176FA7A00CCE584 /* ViewController.swift in Sources */ = {isa = PBXBuildFile; fileRef = 6BDF46E62176FA7A00CCE584 /* ViewController.swift */; };
		6BDF46EA2176FA7A00CCE584 /* Main.storyboard in Resources */ = {isa = PBXBuildFile; fileRef = 6BDF46E82176FA7A00CCE584 /* Main.storyboard */; };
		6BDF46EC2176FA7D00CCE584 /* Assets.xcassets in Resources */ = {isa = PBXBuildFile; fileRef = 6BDF46EB2176FA7D00CCE584 /* Assets.xcassets */; };
		6BDF46EF2176FA7D00CCE584 /* LaunchScreen.storyboard in Resources */ = {isa = PBXBuildFile; fileRef = 6BDF46ED2176FA7D00CCE584 /* LaunchScreen.storyboard */; };
		6BDF46F72176FBC100CCE584 /* sample.json in Resources */ = {isa = PBXBuildFile; fileRef = 6BDF46F62176FBC100CCE584 /* sample.json */; };
/* End PBXBuildFile section */

/* Begin PBXFileReference section */
		6BDF46E12176FA7A00CCE584 /* JsonParsingwithout_Codable.app */ = {isa = PBXFileReference; explicitFileType = wrapper.application; includeInIndex = 0; path = JsonParsingwithout_Codable.app; sourceTree = BUILT_PRODUCTS_DIR; };
		6BDF46E42176FA7A00CCE584 /* AppDelegate.swift */ = {isa = PBXFileReference; lastKnownFileType = sourcecode.swift; path = AppDelegate.swift; sourceTree = "<group>"; };
		6BDF46E62176FA7A00CCE584 /* ViewController.swift */ = {isa = PBXFileReference; lastKnownFileType = sourcecode.swift; path = ViewController.swift; sourceTree = "<group>"; };
		6BDF46E92176FA7A00CCE584 /* Base */ = {isa = PBXFileReference; lastKnownFileType = file.storyboard; name = Base; path = Base.lproj/Main.storyboard; sourceTree = "<group>"; };
		6BDF46EB2176FA7D00CCE584 /* Assets.xcassets */ = {isa = PBXFileReference; lastKnownFileType = folder.assetcatalog; path = Assets.xcassets; sourceTree = "<group>"; };
		6BDF46EE2176FA7D00CCE584 /* Base */ = {isa = PBXFileReference; lastKnownFileType = file.storyboard; name = Base; path = Base.lproj/LaunchScreen.storyboard; sourceTree = "<group>"; };
		6BDF46F02176FA7D00CCE584 /* Info.plist */ = {isa = PBXFileReference; lastKnownFileType = text.plist.xml; path = Info.plist; sourceTree = "<group>"; };
		6BDF46F62176FBC100CCE584 /* sample.json */ = {isa = PBXFileReference; fileEncoding = 4; lastKnownFileType = text.json; path = sample.json; sourceTree = "<group>"; };
/* End PBXFileReference section */

/* Begin PBXFrameworksBuildPhase section */
		6BDF46DE2176FA7A00CCE584 /* Frameworks */ = {
			isa = PBXFrameworksBuildPhase;
			buildActionMask = 2147483647;
			files = (
			);
			runOnlyForDeploymentPostprocessing = 0;
		};
/* End PBXFrameworksBuildPhase section */

/* Begin PBXGroup section */
		6BDF46D82176FA7A00CCE584 = {
			isa = PBXGroup;
			children = (
				6BDF46E32176FA7A00CCE584 /* JsonParsingwithout_Codable */,
				6BDF46E22176FA7A00CCE584 /* Products */,
			);
			sourceTree = "<group>";
		};
		6BDF46E22176FA7A00CCE584 /* Products */ = {
			isa = PBXGroup;
			children = (
				6BDF46E12176FA7A00CCE584 /* JsonParsingwithout_Codable.app */,
			);
			name = Products;
			sourceTree = "<group>";
		};
		6BDF46E32176FA7A00CCE584 /* JsonParsingwithout_Codable */ = {
			isa = PBXGroup;
			children = (
				6BDF46F62176FBC100CCE584 /* sample.json */,
				6BDF46E42176FA7A00CCE584 /* AppDelegate.swift */,
				6BDF46E62176FA7A00CCE584 /* ViewController.swift */,
				6BDF46E82176FA7A00CCE584 /* Main.storyboard */,
				6BDF46EB2176FA7D00CCE584 /* Assets.xcassets */,
				6BDF46ED2176FA7D00CCE584 /* LaunchScreen.storyboard */,
				6BDF46F02176FA7D00CCE584 /* Info.plist */,
			);
			path = JsonParsingwithout_Codable;
			sourceTree = "<group>";
		};
/* End PBXGroup section */

/* Begin PBXNativeTarget section */
		6BDF46E02176FA7A00CCE584 /* JsonParsingwithout_Codable */ = {
			isa = PBXNativeTarget;
			buildConfigurationList = 6BDF46F32176FA7D00CCE584 /* Build configuration list for PBXNativeTarget "JsonParsingwithout_Codable" */;
			buildPhases = (
				6BDF46DD2176FA7A00CCE584 /* Sources */,
				6BDF46DE2176FA7A00CCE584 /* Frameworks */,
				6BDF46DF2176FA7A00CCE584 /* Resources */,
			);
			buildRules = (
			);
			dependencies = (
			);
			name = JsonParsingwithout_Codable;
			productName = JsonParsingwithout_Codable;
			productReference = 6BDF46E12176FA7A00CCE584 /* JsonParsingwithout_Codable.app */;
			productType = "com.apple.product-type.application";
		};
/* End PBXNativeTarget section */

/* Begin PBXProject section */
		6BDF46D92176FA7A00CCE584 /* Project object */ = {
			isa = PBXProject;
			attributes = {
				LastSwiftUpdateCheck = 0940;
				LastUpgradeCheck = 0940;
				ORGANIZATIONNAME = "Rahul Anantulwar";
				TargetAttributes = {
					6BDF46E02176FA7A00CCE584 = {
						CreatedOnToolsVersion = 9.4.1;
					};
				};
			};
			buildConfigurationList = 6BDF46DC2176FA7A00CCE584 /* Build configuration list for PBXProject "JsonParsingwithout_Codable" */;
			compatibilityVersion = "Xcode 9.3";
			developmentRegion = en;
			hasScannedForEncodings = 0;
			knownRegions = (
				en,
				Base,
			);
			mainGroup = 6BDF46D82176FA7A00CCE584;
			productRefGroup = 6BDF46E22176FA7A00CCE584 /* Products */;
			projectDirPath = "";
			projectRoot = "";
			targets = (
				6BDF46E02176FA7A00CCE584 /* JsonParsingwithout_Codable */,
			);
		};
/* End PBXProject section */

/* Begin PBXResourcesBuildPhase section */
		6BDF46DF2176FA7A00CCE584 /* Resources */ = {
			isa = PBXResourcesBuildPhase;
			buildActionMask = 2147483647;
			files = (
				6BDF46EF2176FA7D00CCE584 /* LaunchScreen.storyboard in Resources */,
				6BDF46F72176FBC100CCE584 /* sample.json in Resources */,
				6BDF46EC2176FA7D00CCE584 /* Assets.xcassets in Resources */,
				6BDF46EA2176FA7A00CCE584 /* Main.storyboard in Resources */,
			);
			runOnlyForDeploymentPostprocessing = 0;
		};
/* End PBXResourcesBuildPhase section */

/* Begin PBXSourcesBuildPhase section */
		6BDF46DD2176FA7A00CCE584 /* Sources */ = {
			isa = PBXSourcesBuildPhase;
			buildActionMask = 2147483647;
			files = (
				6BDF46E72176FA7A00CCE584 /* ViewController.swift in Sources */,
				6BDF46E52176FA7A00CCE584 /* AppDelegate.swift in Sources */,
			);
			runOnlyForDeploymentPostprocessing = 0;
		};
/* End PBXSourcesBuildPhase section */

/* Begin PBXVariantGroup section */
		6BDF46E82176FA7A00CCE584 /* Main.storyboard */ = {
			isa = PBXVariantGroup;
			children = (
				6BDF46E92176FA7A00CCE584 /* Base */,
			);
			name = Main.storyboard;
			sourceTree = "<group>";
		};
		6BDF46ED2176FA7D00CCE584 /* LaunchScreen.storyboard */ = {
			isa = PBXVariantGroup;
			children = (
				6BDF46EE2176FA7D00CCE584 /* Base */,
			);
			name = LaunchScreen.storyboard;
			sourceTree = "<group>";
		};
/* End PBXVariantGroup section */

/* Begin XCBuildConfiguration section */
		6BDF46F12176FA7D00CCE584 /* Debug */ = {
			isa = XCBuildConfiguration;
			buildSettings = {
				ALWAYS_SEARCH_USER_PATHS = NO;
				CLANG_ANALYZER_NONNULL = YES;
				CLANG_ANALYZER_NUMBER_OBJECT_CONVERSION = YES_AGGRESSIVE;
				CLANG_CXX_LANGUAGE_STANDARD = "gnu++14";
				CLANG_CXX_LIBRARY = "libc++";
				CLANG_ENABLE_MODULES = YES;
				CLANG_ENABLE_OBJC_ARC = YES;
				CLANG_ENABLE_OBJC_WEAK = YES;
				CLANG_WARN_BLOCK_CAPTURE_AUTORELEASING = YES;
				CLANG_WARN_BOOL_CONVERSION = YES;
				CLANG_WARN_COMMA = YES;
				CLANG_WARN_CONSTANT_CONVERSION = YES;
				CLANG_WARN_DEPRECATED_OBJC_IMPLEMENTATIONS = YES;
				CLANG_WARN_DIRECT_OBJC_ISA_USAGE = YES_ERROR;
				CLANG_WARN_DOCUMENTATION_COMMENTS = YES;
				CLANG_WARN_EMPTY_BODY = YES;
				CLANG_WARN_ENUM_CONVERSION = YES;
				CLANG_WARN_INFINITE_RECURSION = YES;
				CLANG_WARN_INT_CONVERSION = YES;
				CLANG_WARN_NON_LITERAL_NULL_CONVERSION = YES;
				CLANG_WARN_OBJC_IMPLICIT_RETAIN_SELF = YES;
				CLANG_WARN_OBJC_LITERAL_CONVERSION = YES;
				CLANG_WARN_OBJC_ROOT_CLASS = YES_ERROR;
				CLANG_WARN_RANGE_LOOP_ANALYSIS = YES;
				CLANG_WARN_STRICT_PROTOTYPES = YES;
				CLANG_WARN_SUSPICIOUS_MOVE = YES;
				CLANG_WARN_UNGUARDED_AVAILABILITY = YES_AGGRESSIVE;
				CLANG_WARN_UNREACHABLE_CODE = YES;
				CLANG_WARN__DUPLICATE_METHOD_MATCH = YES;
				CODE_SIGN_IDENTITY = "iPhone Developer";
				COPY_PHASE_STRIP = NO;
				DEBUG_INFORMATION_FORMAT = dwarf;
				ENABLE_STRICT_OBJC_MSGSEND = YES;
				ENABLE_TESTABILITY = YES;
				GCC_C_LANGUAGE_STANDARD = gnu11;
				GCC_DYNAMIC_NO_PIC = NO;
				GCC_NO_COMMON_BLOCKS = YES;
				GCC_OPTIMIZATION_LEVEL = 0;
				GCC_PREPROCESSOR_DEFINITIONS = (
					"DEBUG=1",
					"$(inherited)",
				);
				GCC_WARN_64_TO_32_BIT_CONVERSION = YES;
				GCC_WARN_ABOUT_RETURN_TYPE = YES_ERROR;
				GCC_WARN_UNDECLARED_SELECTOR = YES;
				GCC_WARN_UNINITIALIZED_AUTOS = YES_AGGRESSIVE;
				GCC_WARN_UNUSED_FUNCTION = YES;
				GCC_WARN_UNUSED_VARIABLE = YES;
				IPHONEOS_DEPLOYMENT_TARGET = 11.4;
				MTL_ENABLE_DEBUG_INFO = YES;
				ONLY_ACTIVE_ARCH = YES;
				SDKROOT = iphoneos;
				SWIFT_ACTIVE_COMPILATION_CONDITIONS = DEBUG;
				SWIFT_OPTIMIZATION_LEVEL = "-Onone";
			};
			name = Debug;
		};
		6BDF46F22176FA7D00CCE584 /* Release */ = {
			isa = XCBuildConfiguration;
			buildSettings = {
				ALWAYS_SEARCH_USER_PATHS = NO;
				CLANG_ANALYZER_NONNULL = YES;
				CLANG_ANALYZER_NUMBER_OBJECT_CONVERSION = YES_AGGRESSIVE;
				CLANG_CXX_LANGUAGE_STANDARD = "gnu++14";
				CLANG_CXX_LIBRARY = "libc++";
				CLANG_ENABLE_MODULES = YES;
				CLANG_ENABLE_OBJC_ARC = YES;
				CLANG_ENABLE_OBJC_WEAK = YES;
				CLANG_WARN_BLOCK_CAPTURE_AUTORELEASING = YES;
				CLANG_WARN_BOOL_CONVERSION = YES;
				CLANG_WARN_COMMA = YES;
				CLANG_WARN_CONSTANT_CONVERSION = YES;
				CLANG_WARN_DEPRECATED_OBJC_IMPLEMENTATIONS = YES;
				CLANG_WARN_DIRECT_OBJC_ISA_USAGE = YES_ERROR;
				CLANG_WARN_DOCUMENTATION_COMMENTS = YES;
				CLANG_WARN_EMPTY_BODY = YES;
				CLANG_WARN_ENUM_CONVERSION = YES;
				CLANG_WARN_INFINITE_RECURSION = YES;
				CLANG_WARN_INT_CONVERSION = YES;
				CLANG_WARN_NON_LITERAL_NULL_CONVERSION = YES;
				CLANG_WARN_OBJC_IMPLICIT_RETAIN_SELF = YES;
				CLANG_WARN_OBJC_LITERAL_CONVERSION = YES;
				CLANG_WARN_OBJC_ROOT_CLASS = YES_ERROR;
				CLANG_WARN_RANGE_LOOP_ANALYSIS = YES;
				CLANG_WARN_STRICT_PROTOTYPES = YES;
				CLANG_WARN_SUSPICIOUS_MOVE = YES;
				CLANG_WARN_UNGUARDED_AVAILABILITY = YES_AGGRESSIVE;
				CLANG_WARN_UNREACHABLE_CODE = YES;
				CLANG_WARN__DUPLICATE_METHOD_MATCH = YES;
				CODE_SIGN_IDENTITY = "iPhone Developer";
				COPY_PHASE_STRIP = NO;
				DEBUG_INFORMATION_FORMAT = "dwarf-with-dsym";
				ENABLE_NS_ASSERTIONS = NO;
				ENABLE_STRICT_OBJC_MSGSEND = YES;
				GCC_C_LANGUAGE_STANDARD = gnu11;
				GCC_NO_COMMON_BLOCKS = YES;
				GCC_WARN_64_TO_32_BIT_CONVERSION = YES;
				GCC_WARN_ABOUT_RETURN_TYPE = YES_ERROR;
				GCC_WARN_UNDECLARED_SELECTOR = YES;
				GCC_WARN_UNINITIALIZED_AUTOS = YES_AGGRESSIVE;
				GCC_WARN_UNUSED_FUNCTION = YES;
				GCC_WARN_UNUSED_VARIABLE = YES;
				IPHONEOS_DEPLOYMENT_TARGET = 11.4;
				MTL_ENABLE_DEBUG_INFO = NO;
				SDKROOT = iphoneos;
				SWIFT_COMPILATION_MODE = wholemodule;
				SWIFT_OPTIMIZATION_LEVEL = "-O";
				VALIDATE_PRODUCT = YES;
			};
			name = Release;
		};
		6BDF46F42176FA7D00CCE584 /* Debug */ = {
			isa = XCBuildConfiguration;
			buildSettings = {
				ASSETCATALOG_COMPILER_APPICON_NAME = AppIcon;
				CODE_SIGN_STYLE = Automatic;
				INFOPLIST_FILE = JsonParsingwithout_Codable/Info.plist;
				LD_RUNPATH_SEARCH_PATHS = (
					"$(inherited)",
					"@executable_path/Frameworks",
				);
				PRODUCT_BUNDLE_IDENTIFIER = "com.Assignment1.JsonParsingwithout-Codable";
				PRODUCT_NAME = "$(TARGET_NAME)";
				SWIFT_VERSION = 4.0;
				TARGETED_DEVICE_FAMILY = "1,2";
			};
			name = Debug;
		};
		6BDF46F52176FA7D00CCE584 /* Release */ = {
			isa = XCBuildConfiguration;
			buildSettings = {
				ASSETCATALOG_COMPILER_APPICON_NAME = AppIcon;
				CODE_SIGN_STYLE = Automatic;
				INFOPLIST_FILE = JsonParsingwithout_Codable/Info.plist;
				LD_RUNPATH_SEARCH_PATHS = (
					"$(inherited)",
					"@executable_path/Frameworks",
				);
				PRODUCT_BUNDLE_IDENTIFIER = "com.Assignment1.JsonParsingwithout-Codable";
				PRODUCT_NAME = "$(TARGET_NAME)";
				SWIFT_VERSION = 4.0;
				TARGETED_DEVICE_FAMILY = "1,2";
			};
			name = Release;
		};
/* End XCBuildConfiguration section */

/* Begin XCConfigurationList section */
		6BDF46DC2176FA7A00CCE584 /* Build configuration list for PBXProject "JsonParsingwithout_Codable" */ = {
			isa = XCConfigurationList;
			buildConfigurations = (
				6BDF46F12176FA7D00CCE584 /* Debug */,
				6BDF46F22176FA7D00CCE584 /* Release */,
			);
			defaultConfigurationIsVisible = 0;
			defaultConfigurationName = Release;
		};
		6BDF46F32176FA7D00CCE584 /* Build configuration list for PBXNativeTarget "JsonParsingwithout_Codable" */ = {
			isa = XCConfigurationList;
			buildConfigurations = (
				6BDF46F42176FA7D00CCE584 /* Debug */,
				6BDF46F52176FA7D00CCE584 /* Release */,
			);
			defaultConfigurationIsVisible = 0;
			defaultConfigurationName = Release;
		};
/* End XCConfigurationList section */
	};
	rootObject = 6BDF46D92176FA7A00CCE584 /* Project object */;
}
